{
  "name": "agraddy.route.hbs",
  "version": "0.7.1",
  "lockfileVersion": 1,
  "requires": true,
  "dependencies": {
    "agraddy.async.waterfall": {
      "version": "0.2.0",
      "resolved": "https://registry.npmjs.org/agraddy.async.waterfall/-/agraddy.async.waterfall-0.2.0.tgz",
      "integrity": "sha1-+k/jwyA6T0NcGVykA8cFkSw83X8=",
      "requires": {
        "setimmediate": "^1.0.5"
      }
    },
    "agraddy.drop.hbs": {
      "version": "0.4.0",
      "resolved": "https://registry.npmjs.org/agraddy.drop.hbs/-/agraddy.drop.hbs-0.4.0.tgz",
      "integrity": "sha512-mLcJqfPMHgQ4O3TRfCXaIy7u3++whMPaUSw14OFZcbAFtqhJ5dNrqAa4xzJlYKdcnatVgFdUDq6/EzbhJfQ9+w==",
      "requires": {
        "handlebars": "^4.7.6"
      }
    },
    "agraddy.luggage": {
      "version": "0.3.0",
      "resolved": "https://registry.npmjs.org/agraddy.luggage/-/agraddy.luggage-0.3.0.tgz",
      "integrity": "sha1-ucuSGMXW5HhilMLwPt2YFUINzGk=",
      "requires": {
        "agraddy.async.waterfall": "^0.2.0"
      }
    },
    "agraddy.test.res": {
      "version": "0.4.0",
      "resolved": "https://registry.npmjs.org/agraddy.test.res/-/agraddy.test.res-0.4.0.tgz",
      "integrity": "sha1-pSRkjF8njXz8sh72NgDGBKT2mHw=",
      "dev": true
    },
    "agraddy.test.tap": {
      "version": "0.2.0",
      "resolved": "https://registry.npmjs.org/agraddy.test.tap/-/agraddy.test.tap-0.2.0.tgz",
      "integrity": "sha1-MEuoZPKSBtSTTnlVXvQyi20Moww=",
      "dev": true
    },
    "commander": {
      "version": "2.20.3",
      "resolved": "https://registry.npmjs.org/commander/-/commander-2.20.3.tgz",
      "integrity": "sha512-GpVkmM8vF2vQUkj2LvZmD35JxeJOLCwJ9cUkugyk2nuhbv3+mJvpLYYt+0+USMxE+oj+ey/lJEnhZw75x/OMcQ==",
      "optional": true
    },
    "deepmerge": {
      "version": "1.3.1",
      "resolved": "https://registry.npmjs.org/deepmerge/-/deepmerge-1.3.1.tgz",
      "integrity": "sha1-aCupJAJXQRW4Ze3OUlZlgUKWo5s="
    },
    "handlebars": {
      "version": "4.7.6",
      "resolved": "https://registry.npmjs.org/handlebars/-/handlebars-4.7.6.tgz",
      "integrity": "sha512-1f2BACcBfiwAfStCKZNrUCgqNZkGsAT7UM3kkYtXuLo0KnaVfjKOyf7PRzB6++aK9STyT1Pd2ZCPe3EGOXleXA==",
      "requires": {
        "minimist": "^1.2.5",
        "neo-async": "^2.6.0",
        "source-map": "^0.6.1",
        "uglify-js": "^3.1.4",
        "wordwrap": "^1.0.0"
      }
    },
    "minimist": {
      "version": "1.2.5",
      "resolved": "https://registry.npmjs.org/minimist/-/minimist-1.2.5.tgz",
      "integrity": "sha512-FM9nNUYrRBAELZQT3xeZQ7fmMOBg6nWNmJKTcgsJeaLstP/UODVpGsr5OhXhhXg6f+qtJ8uiZ+PUxkDWcgIXLw=="
    },
    "neo-async": {
      "version": "2.6.1",
      "resolved": "https://registry.npmjs.org/neo-async/-/neo-async-2.6.1.tgz",
      "integrity": "sha512-iyam8fBuCUpWeKPGpaNMetEocMt364qkCsfL9JuhjXX6dRnguRVOfk2GZaDpPjcOKiiXCPINZC1GczQ7iTq3Zw=="
    },
    "setimmediate": {
      "version": "1.0.5",
      "resolved": "https://registry.npmjs.org/setimmediate/-/setimmediate-1.0.5.tgz",
      "integrity": "sha1-KQy7Iy4waULX1+qbg3Mqt4VvgoU="
    },
    "source-map": {
      "version": "0.6.1",
      "resolved": "https://registry.npmjs.org/source-map/-/source-map-0.6.1.tgz",
      "integrity": "sha512-UjgapumWlbMhkBgzT7Ykc5YXUT46F0iKu8SGXq0bcwP5dz/h0Plj6enJqjz1Zbq2l5WaqYnrVbwWOWMyF3F47g=="
    },
    "uglify-js": {
      "version": "3.9.4",
      "resolved": "https://registry.npmjs.org/uglify-js/-/uglify-js-3.9.4.tgz",
      "integrity": "sha512-8RZBJq5smLOa7KslsNsVcSH+KOXf1uDU8yqLeNuVKwmT0T3FA0ZoXlinQfRad7SDcbZZRZE4ov+2v71EnxNyCA==",
      "optional": true,
      "requires": {
        "commander": "~2.20.3"
      }
    },
    "wordwrap": {
      "version": "1.0.0",
      "resolved": "https://registry.npmjs.org/wordwrap/-/wordwrap-1.0.0.tgz",
      "integrity": "sha1-J1hIEIkUVqQXHI0CJkQa3pDLyus="
    }
  }
}
